
Microsoft Visual Studio Solution File, Format Version 12.00
# Visual Studio Version 17
VisualStudioVersion = 17.7.34031.279
MinimumVisualStudioVersion = 10.0.40219.1
Project("{FAE04EC0-301F-11D3-BF4B-00C04F79EFBC}") = "BasicExercise", "BasicExercise\BasicExercise.csproj", "{52A628FF-28C6-4885-B128-B80D6E03BEFB}"
EndProject
Global
	GlobalSection(SolutionConfigurationPlatforms) = preSolution
		Debug|Any CPU = Debug|Any CPU
		Release|Any CPU = Release|Any CPU
	EndGlobalSection
	GlobalSection(ProjectConfigurationPlatforms) = postSolution
		{52A628FF-28C6-4885-B128-B80D6E03BEFB}.Debug|Any CPU.ActiveCfg = Debug|Any CPU
		{52A628FF-28C6-4885-B128-B80D6E03BEFB}.Debug|Any CPU.Build.0 = Debug|Any CPU
		{52A628FF-28C6-4885-B128-B80D6E03BEFB}.Release|Any CPU.ActiveCfg = Release|Any CPU
		{52A628FF-28C6-4885-B128-B80D6E03BEFB}.Release|Any CPU.Build.0 = Release|Any CPU
	EndGlobalSection
	GlobalSection(SolutionProperties) = preSolution
		HideSolutionNode = FALSE
	EndGlobalSection
	GlobalSection(ExtensibilityGlobals) = postSolution
		SolutionGuid = {D3F0585F-1A06-40E9-A34A-9D2DD0AC8996}
	EndGlobalSection
EndGlobal
